
Microsoft Visual Studio Solution File, Format Version 12.00
# Visual Studio Version 17
VisualStudioVersion = 17.6.33723.286
MinimumVisualStudioVersion = 10.0.40219.1
Project("{9A19103F-16F7-4668-BE54-9A1E7A4F7556}") = "LOL-VC-Create", "ConsoleApp1\LOL-VC-Create.csproj", "{1FEF929B-325D-4F5B-9094-D66B09DB48CB}"
EndProject
Global
	GlobalSection(SolutionConfigurationPlatforms) = preSolution
		Debug|Any CPU = Debug|Any CPU
		Release|Any CPU = Release|Any CPU
	EndGlobalSection
	GlobalSection(ProjectConfigurationPlatforms) = postSolution
		{1FEF929B-325D-4F5B-9094-D66B09DB48CB}.Debug|Any CPU.ActiveCfg = Debug|Any CPU
		{1FEF929B-325D-4F5B-9094-D66B09DB48CB}.Debug|Any CPU.Build.0 = Debug|Any CPU
		{1FEF929B-325D-4F5B-9094-D66B09DB48CB}.Release|Any CPU.ActiveCfg = Release|Any CPU
		{1FEF929B-325D-4F5B-9094-D66B09DB48CB}.Release|Any CPU.Build.0 = Release|Any CPU
	EndGlobalSection
	GlobalSection(SolutionProperties) = preSolution
		HideSolutionNode = FALSE
	EndGlobalSection
	GlobalSection(ExtensibilityGlobals) = postSolution
		SolutionGuid = {F5154929-D30A-4367-A8E6-04CA090CE747}
	EndGlobalSection
EndGlobal
